
Microsoft Visual Studio Solution File, Format Version 12.00
# Visual Studio 2017
Project("{FAE04EC0-301F-11D3-BF4B-00C04F79EFBC}") = "AStar_Class", "AStar_Class.csproj", "{CAEB8794-6D75-1AA9-3D5D-0A4E129C38D9}"
EndProject
Global
	GlobalSection(SolutionConfigurationPlatforms) = preSolution
		Debug|Any CPU = Debug|Any CPU
		Release|Any CPU = Release|Any CPU
	EndGlobalSection
	GlobalSection(ProjectConfigurationPlatforms) = postSolution
		{CAEB8794-6D75-1AA9-3D5D-0A4E129C38D9}.Debug|Any CPU.ActiveCfg = Debug|Any CPU
		{CAEB8794-6D75-1AA9-3D5D-0A4E129C38D9}.Debug|Any CPU.Build.0 = Debug|Any CPU
		{CAEB8794-6D75-1AA9-3D5D-0A4E129C38D9}.Release|Any CPU.ActiveCfg = Release|Any CPU
		{CAEB8794-6D75-1AA9-3D5D-0A4E129C38D9}.Release|Any CPU.Build.0 = Release|Any CPU
	EndGlobalSection
	GlobalSection(SolutionProperties) = preSolution
		HideSolutionNode = FALSE
	EndGlobalSection
EndGlobal
